
Microsoft Visual Studio Solution File, Format Version 12.00
# Visual Studio 15
VisualStudioVersion = 15.0.28307.329
MinimumVisualStudioVersion = 10.0.40219.1
Project("{888888A0-9F3D-457C-B088-3A5042F75D52}") = "Assignment2", "Assignment2\Assignment2.pyproj", "{342238B4-5665-4B31-B69E-27F1825E8D0D}"
EndProject
Global
	GlobalSection(SolutionConfigurationPlatforms) = preSolution
		Debug|Any CPU = Debug|Any CPU
		Release|Any CPU = Release|Any CPU
	EndGlobalSection
	GlobalSection(ProjectConfigurationPlatforms) = postSolution
		{342238B4-5665-4B31-B69E-27F1825E8D0D}.Debug|Any CPU.ActiveCfg = Debug|Any CPU
		{342238B4-5665-4B31-B69E-27F1825E8D0D}.Release|Any CPU.ActiveCfg = Release|Any CPU
	EndGlobalSection
	GlobalSection(SolutionProperties) = preSolution
		HideSolutionNode = FALSE
	EndGlobalSection
	GlobalSection(ExtensibilityGlobals) = postSolution
		SolutionGuid = {395C1BB0-01B3-47DE-BA4D-D433BFD0C52F}
	EndGlobalSection
EndGlobal
